<?xml version="1.0" encoding="utf-8"?>
<Project ToolsVersion="4.0" xmlns="http://schemas.microsoft.com/developer/msbuild/2003">
  <ItemGroup>
    <Filter Include="Source Files">
      <UniqueIdentifier>{4FC737F1-C7A5-4376-A066-2A32D752A2FF}</UniqueIdentifier>
      <Extensions>cpp;c;cc;cxx;def;odl;idl;hpj;bat;asm;asmx</Extensions>
    </Filter>
    <Filter Include="Header Files">
      <UniqueIdentifier>{93995380-89BD-4b04-88EB-625FBE52EBFB}</UniqueIdentifier>
      <Extensions>h;hpp;hxx;hm;inl;inc;xsd</Extensions>
    </Filter>
    <Filter Include="avisynth">
      <UniqueIdentifier>{67a61580-c424-4c77-bab9-6bb124249721}</UniqueIdentifier>
    </Filter>
    <Filter Include="include">
      <UniqueIdentifier>{fe79c3ee-5a42-4400-841e-4a492c86116e}</UniqueIdentifier>
    </Filter>
    <Filter Include="vapoursynth">
      <UniqueIdentifier>{69731926-dba0-4800-b001-068e706a9a9d}</UniqueIdentifier>
    </Filter>
  </ItemGroup>
  <ItemGroup>
    <ClInclude Include="..\src\stdafx.h">
      <Filter>Header Files</Filter>
    </ClInclude>
    <ClInclude Include="..\src\targetver.h">
      <Filter>Header Files</Filter>
    </ClInclude>
    <ClInclude Include="..\src\impl_dispatch.h">
      <Filter>Header Files</Filter>
    </ClInclude>
    <ClInclude Include="..\src\flash3kyuu_deband_sse_base.h">
      <Filter>Header Files</Filter>
    </ClInclude>
    <ClInclude Include="..\src\sse_compat.h">
      <Filter>Header Files</Filter>
    </ClInclude>
    <ClInclude Include="..\src\process_plane_context.h">
      <Filter>Header Files</Filter>
    </ClInclude>
    <ClInclude Include="..\src\icc_override.h">
      <Filter>Header Files</Filter>
    </ClInclude>
    <ClInclude Include="..\src\pixel_proc_c.h">
      <Filter>Header Files</Filter>
    </ClInclude>
    <ClInclude Include="..\src\pixel_proc_c_high_bit_depth_common.h">
      <Filter>Header Files</Filter>
    </ClInclude>
    <ClInclude Include="..\src\pixel_proc_c_high_f_s_dithering.h">
      <Filter>Header Files</Filter>
    </ClInclude>
    <ClInclude Include="..\src\pixel_proc_c_high_ordered_dithering.h">
      <Filter>Header Files</Filter>
    </ClInclude>
    <ClInclude Include="..\src\pixel_proc_c_high_no_dithering.h">
      <Filter>Header Files</Filter>
    </ClInclude>
    <ClInclude Include="..\src\impl_dispatch_decl.h">
      <Filter>Header Files</Filter>
    </ClInclude>
    <ClInclude Include="..\src\dither_high.h">
      <Filter>Header Files</Filter>
    </ClInclude>
    <ClInclude Include="..\src\pixel_proc_c_16bit.h">
      <Filter>Header Files</Filter>
    </ClInclude>
    <ClInclude Include="..\src\utils.h">
      <Filter>Header Files</Filter>
    </ClInclude>
    <ClInclude Include="..\src\constants.h">
      <Filter>Header Files</Filter>
    </ClInclude>
    <ClInclude Include="..\src\sse_utils.h">
      <Filter>Header Files</Filter>
    </ClInclude>
    <ClInclude Include="..\src\x64_compat.h">
      <Filter>Header Files</Filter>
    </ClInclude>
    <ClInclude Include="..\src\debug_dump.h">
      <Filter>Header Files</Filter>
    </ClInclude>
    <ClInclude Include="..\src\random.h">
      <Filter>Header Files</Filter>
    </ClInclude>
    <ClInclude Include="..\src\avisynth\avisynth.h">
      <Filter>avisynth</Filter>
    </ClInclude>
    <ClInclude Include="..\src\avisynth\avisynth_videoinfo_26.h">
      <Filter>avisynth</Filter>
    </ClInclude>
    <ClInclude Include="..\src\avisynth\mt_info.h">
      <Filter>avisynth</Filter>
    </ClInclude>
    <ClInclude Include="..\src\avisynth\stdafx.h">
      <Filter>avisynth</Filter>
    </ClInclude>
    <ClInclude Include="..\include\f3kdb_enums.h">
      <Filter>include</Filter>
    </ClInclude>
    <ClInclude Include="..\include\f3kdb.h">
      <Filter>include</Filter>
    </ClInclude>
    <ClInclude Include="..\include\f3kdb_params.h">
      <Filter>include</Filter>
    </ClInclude>
    <ClInclude Include="..\src\auto_utils.h">
      <Filter>Header Files</Filter>
    </ClInclude>
    <ClInclude Include="..\src\core.h">
      <Filter>Header Files</Filter>
    </ClInclude>
    <ClInclude Include="..\src\avisynth\check.h">
      <Filter>avisynth</Filter>
    </ClInclude>
    <ClInclude Include="..\src\avisynth\filter.h">
      <Filter>avisynth</Filter>
    </ClInclude>
    <ClInclude Include="..\src\auto_utils_helper.h">
      <Filter>Header Files</Filter>
    </ClInclude>
    <ClInclude Include="..\src\vapoursynth\VapourSynth.h">
      <Filter>vapoursynth</Filter>
    </ClInclude>
    <ClInclude Include="..\src\compiler_compat.h">
      <Filter>Header Files</Filter>
    </ClInclude>
    <ClInclude Include="..\src\vapoursynth\VSHelper.h">
      <Filter>vapoursynth</Filter>
    </ClInclude>
    <ClInclude Include="..\src\vapoursynth\plugin.h">
      <Filter>vapoursynth</Filter>
    </ClInclude>
    <ClInclude Include="..\src\vapoursynth\plugin.def.h">
      <Filter>vapoursynth</Filter>
    </ClInclude>
  </ItemGroup>
  <ItemGroup>
    <ClCompile Include="..\src\stdafx.cpp">
      <Filter>Source Files</Filter>
    </ClCompile>
    <ClCompile Include="..\src\dllmain.cpp">
      <Filter>Source Files</Filter>
    </ClCompile>
    <ClCompile Include="..\src\flash3kyuu_deband_impl_c.cpp">
      <Filter>Source Files</Filter>
    </ClCompile>
    <ClCompile Include="..\src\flash3kyuu_deband_impl_sse4.cpp">
      <Filter>Source Files</Filter>
    </ClCompile>
    <ClCompile Include="..\src\flash3kyuu_deband_impl_ssse3.cpp">
      <Filter>Source Files</Filter>
    </ClCompile>
    <ClCompile Include="..\src\flash3kyuu_deband_impl_sse2.cpp">
      <Filter>Source Files</Filter>
    </ClCompile>
    <ClCompile Include="..\src\icc_override.cpp">
      <Filter>Source Files</Filter>
    </ClCompile>
    <ClCompile Include="..\src\process_plane_context.cpp">
      <Filter>Source Files</Filter>
    </ClCompile>
    <ClCompile Include="..\src\impl_dispatch.cpp">
      <Filter>Source Files</Filter>
    </ClCompile>
    <ClCompile Include="..\src\debug_dump.cpp">
      <Filter>Source Files</Filter>
    </ClCompile>
    <ClCompile Include="..\src\random.cpp">
      <Filter>Source Files</Filter>
    </ClCompile>
    <ClCompile Include="..\src\avisynth\avisynth_init.cpp">
      <Filter>avisynth</Filter>
    </ClCompile>
    <ClCompile Include="..\src\avisynth\avisynth_videoinfo_26.cpp">
      <Filter>avisynth</Filter>
    </ClCompile>
    <ClCompile Include="..\src\avisynth\mt_info.cpp">
      <Filter>avisynth</Filter>
    </ClCompile>
    <ClCompile Include="..\src\auto_utils.cpp">
      <Filter>Source Files</Filter>
    </ClCompile>
    <ClCompile Include="..\src\core.cpp">
      <Filter>Source Files</Filter>
    </ClCompile>
    <ClCompile Include="..\src\public_interface.cpp">
      <Filter>Source Files</Filter>
    </ClCompile>
    <ClCompile Include="..\src\avisynth\check.cpp">
      <Filter>avisynth</Filter>
    </ClCompile>
    <ClCompile Include="..\src\avisynth\filter.cpp">
      <Filter>avisynth</Filter>
    </ClCompile>
    <ClCompile Include="..\src\vapoursynth\plugin.cpp">
      <Filter>vapoursynth</Filter>
    </ClCompile>
  </ItemGroup>
</Project>